
Microsoft Visual Studio Solution File, Format Version 12.00
# Visual Studio Version 17
VisualStudioVersion = 17.1.32210.238
MinimumVisualStudioVersion = 10.0.40219.1
Project("{FAE04EC0-301F-11D3-BF4B-00C04F79EFBC}") = "ExamenFinal_NicolasBergeron", "ExamenFinal_NicolasBergeron\ExamenFinal_NicolasBergeron.csproj", "{C95AA202-34B4-4338-9B69-5BAD036EAA5A}"
EndProject
Global
	GlobalSection(SolutionConfigurationPlatforms) = preSolution
		Debug|Any CPU = Debug|Any CPU
		Release|Any CPU = Release|Any CPU
	EndGlobalSection
	GlobalSection(ProjectConfigurationPlatforms) = postSolution
		{C95AA202-34B4-4338-9B69-5BAD036EAA5A}.Debug|Any CPU.ActiveCfg = Debug|Any CPU
		{C95AA202-34B4-4338-9B69-5BAD036EAA5A}.Debug|Any CPU.Build.0 = Debug|Any CPU
		{C95AA202-34B4-4338-9B69-5BAD036EAA5A}.Release|Any CPU.ActiveCfg = Release|Any CPU
		{C95AA202-34B4-4338-9B69-5BAD036EAA5A}.Release|Any CPU.Build.0 = Release|Any CPU
	EndGlobalSection
	GlobalSection(SolutionProperties) = preSolution
		HideSolutionNode = FALSE
	EndGlobalSection
	GlobalSection(ExtensibilityGlobals) = postSolution
		SolutionGuid = {81ABF783-AC58-47AD-9792-DD332FC7A345}
	EndGlobalSection
EndGlobal
